
Microsoft Visual Studio Solution File, Format Version 12.00
# Visual Studio Version 17
VisualStudioVersion = 17.12.35707.178
MinimumVisualStudioVersion = 10.0.40219.1
Project("{FAE04EC0-301F-11D3-BF4B-00C04F79EFBC}") = "ClaimSystem", "ClaimSystem.csproj", "{75219E98-AF79-4FE5-956B-D653E2E6EBD5}"
EndProject
Project("{FAE04EC0-301F-11D3-BF4B-00C04F79EFBC}") = "ClaimSystemTest", "..\ClaimSystemTest\ClaimSystemTest.csproj", "{F1DB4FAC-F9FB-48AB-AF97-AAEAF62CA670}"
EndProject
Global
	GlobalSection(SolutionConfigurationPlatforms) = preSolution
		Debug|Any CPU = Debug|Any CPU
		Release|Any CPU = Release|Any CPU
	EndGlobalSection
	GlobalSection(ProjectConfigurationPlatforms) = postSolution
		{75219E98-AF79-4FE5-956B-D653E2E6EBD5}.Debug|Any CPU.ActiveCfg = Debug|Any CPU
		{75219E98-AF79-4FE5-956B-D653E2E6EBD5}.Debug|Any CPU.Build.0 = Debug|Any CPU
		{75219E98-AF79-4FE5-956B-D653E2E6EBD5}.Release|Any CPU.ActiveCfg = Release|Any CPU
		{75219E98-AF79-4FE5-956B-D653E2E6EBD5}.Release|Any CPU.Build.0 = Release|Any CPU
		{F1DB4FAC-F9FB-48AB-AF97-AAEAF62CA670}.Debug|Any CPU.ActiveCfg = Debug|Any CPU
		{F1DB4FAC-F9FB-48AB-AF97-AAEAF62CA670}.Debug|Any CPU.Build.0 = Debug|Any CPU
		{F1DB4FAC-F9FB-48AB-AF97-AAEAF62CA670}.Release|Any CPU.ActiveCfg = Release|Any CPU
		{F1DB4FAC-F9FB-48AB-AF97-AAEAF62CA670}.Release|Any CPU.Build.0 = Release|Any CPU
	EndGlobalSection
	GlobalSection(SolutionProperties) = preSolution
		HideSolutionNode = FALSE
	EndGlobalSection
	GlobalSection(ExtensibilityGlobals) = postSolution
		SolutionGuid = {33FBD61E-6EDA-4A92-A61C-0E57E3606DA4}
	EndGlobalSection
EndGlobal
